// !$*UTF8*$!
{
	archiveVersion = 1;
	classes = {
	};
	objectVersion = 46;
	objects = {

/* Begin PBXBuildFile section */
		F9CD09251EEA807B00DB890F /* AppDelegate.swift in Sources */ = {isa = PBXBuildFile; fileRef = F9CD09241EEA807B00DB890F /* AppDelegate.swift */; };
		F9CD09271EEA807B00DB890F /* ViewController.swift in Sources */ = {isa = PBXBuildFile; fileRef = F9CD09261EEA807B00DB890F /* ViewController.swift */; };
		F9CD092A1EEA807B00DB890F /* Main.storyboard in Resources */ = {isa = PBXBuildFile; fileRef = F9CD09281EEA807B00DB890F /* Main.storyboard */; };
		F9CD092C1EEA807B00DB890F /* Assets.xcassets in Resources */ = {isa = PBXBuildFile; fileRef = F9CD092B1EEA807B00DB890F /* Assets.xcassets */; };
		F9CD092F1EEA807B00DB890F /* LaunchScreen.storyboard in Resources */ = {isa = PBXBuildFile; fileRef = F9CD092D1EEA807B00DB890F /* LaunchScreen.storyboard */; };
		F9CD093A1EEA807B00DB890F /* abcTests.swift in Sources */ = {isa = PBXBuildFile; fileRef = F9CD09391EEA807B00DB890F /* abcTests.swift */; };
		F9CD09451EEA807B00DB890F /* abcUITests.swift in Sources */ = {isa = PBXBuildFile; fileRef = F9CD09441EEA807B00DB890F /* abcUITests.swift */; };
/* End PBXBuildFile section */

/* Begin PBXContainerItemProxy section */
		F9CD09361EEA807B00DB890F /* PBXContainerItemProxy */ = {
			isa = PBXContainerItemProxy;
			containerPortal = F9CD09191EEA807B00DB890F /* Project object */;
			proxyType = 1;
			remoteGlobalIDString = F9CD09201EEA807B00DB890F;
			remoteInfo = abc;
		};
		F9CD09411EEA807B00DB890F /* PBXContainerItemProxy */ = {
			isa = PBXContainerItemProxy;
			containerPortal = F9CD09191EEA807B00DB890F /* Project object */;
			proxyType = 1;
			remoteGlobalIDString = F9CD09201EEA807B00DB890F;
			remoteInfo = abc;
		};
/* End PBXContainerItemProxy section */

/* Begin PBXFileReference section */
		F9CD09211EEA807B00DB890F /* abc.app */ = {isa = PBXFileReference; explicitFileType = wrapper.application; includeInIndex = 0; path = abc.app; sourceTree = BUILT_PRODUCTS_DIR; };
		F9CD09241EEA807B00DB890F /* AppDelegate.swift */ = {isa = PBXFileReference; lastKnownFileType = sourcecode.swift; path = AppDelegate.swift; sourceTree = "<group>"; };
		F9CD09261EEA807B00DB890F /* ViewController.swift */ = {isa = PBXFileReference; lastKnownFileType = sourcecode.swift; path = ViewController.swift; sourceTree = "<group>"; };
		F9CD09291EEA807B00DB890F /* Base */ = {isa = PBXFileReference; lastKnownFileType = file.storyboard; name = Base; path = Base.lproj/Main.storyboard; sourceTree = "<group>"; };
		F9CD092B1EEA807B00DB890F /* Assets.xcassets */ = {isa = PBXFileReference; lastKnownFileType = folder.assetcatalog; path = Assets.xcassets; sourceTree = "<group>"; };
		F9CD092E1EEA807B00DB890F /* Base */ = {isa = PBXFileReference; lastKnownFileType = file.storyboard; name = Base; path = Base.lproj/LaunchScreen.storyboard; sourceTree = "<group>"; };
		F9CD09301EEA807B00DB890F /* Info.plist */ = {isa = PBXFileReference; lastKnownFileType = text.plist.xml; path = Info.plist; sourceTree = "<group>"; };
		F9CD09351EEA807B00DB890F /* abcTests.xctest */ = {isa = PBXFileReference; explicitFileType = wrapper.cfbundle; includeInIndex = 0; path = abcTests.xctest; sourceTree = BUILT_PRODUCTS_DIR; };
		F9CD09391EEA807B00DB890F /* abcTests.swift */ = {isa = PBXFileReference; lastKnownFileType = sourcecode.swift; path = abcTests.swift; sourceTree = "<group>"; };
		F9CD093B1EEA807B00DB890F /* Info.plist */ = {isa = PBXFileReference; lastKnownFileType = text.plist.xml; path = Info.plist; sourceTree = "<group>"; };
		F9CD09401EEA807B00DB890F /* abcUITests.xctest */ = {isa = PBXFileReference; explicitFileType = wrapper.cfbundle; includeInIndex = 0; path = abcUITests.xctest; sourceTree = BUILT_PRODUCTS_DIR; };
		F9CD09441EEA807B00DB890F /* abcUITests.swift */ = {isa = PBXFileReference; lastKnownFileType = sourcecode.swift; path = abcUITests.swift; sourceTree = "<group>"; };
		F9CD09461EEA807B00DB890F /* Info.plist */ = {isa = PBXFileReference; lastKnownFileType = text.plist.xml; path = Info.plist; sourceTree = "<group>"; };
/* End PBXFileReference section */

/* Begin PBXFrameworksBuildPhase section */
		F9CD091E1EEA807B00DB890F /* Frameworks */ = {
			isa = PBXFrameworksBuildPhase;
			buildActionMask = 2147483647;
			files = (
			);
			runOnlyForDeploymentPostprocessing = 0;
		};
		F9CD09321EEA807B00DB890F /* Frameworks */ = {
			isa = PBXFrameworksBuildPhase;
			buildActionMask = 2147483647;
			files = (
			);
			runOnlyForDeploymentPostprocessing = 0;
		};
		F9CD093D1EEA807B00DB890F /* Frameworks */ = {
			isa = PBXFrameworksBuildPhase;
			buildActionMask = 2147483647;
			files = (
			);
			runOnlyForDeploymentPostprocessing = 0;
		};
/* End PBXFrameworksBuildPhase section */

/* Begin PBXGroup section */
		F9CD09181EEA807B00DB890F = {
			isa = PBXGroup;
			children = (
				F9CD09231EEA807B00DB890F /* abc */,
				F9CD09381EEA807B00DB890F /* abcTests */,
				F9CD09431EEA807B00DB890F /* abcUITests */,
				F9CD09221EEA807B00DB890F /* Products */,
			);
			sourceTree = "<group>";
		};
		F9CD09221EEA807B00DB890F /* Products */ = {
			isa = PBXGroup;
			children = (
				F9CD09211EEA807B00DB890F /* abc.app */,
				F9CD09351EEA807B00DB890F /* abcTests.xctest */,
				F9CD09401EEA807B00DB890F /* abcUITests.xctest */,
			);
			name = Products;
			sourceTree = "<group>";
		};
		F9CD09231EEA807B00DB890F /* abc */ = {
			isa = PBXGroup;
			children = (
				F9CD09241EEA807B00DB890F /* AppDelegate.swift */,
				F9CD09261EEA807B00DB890F /* ViewController.swift */,
				F9CD09281EEA807B00DB890F /* Main.storyboard */,
				F9CD092B1EEA807B00DB890F /* Assets.xcassets */,
				F9CD092D1EEA807B00DB890F /* LaunchScreen.storyboard */,
				F9CD09301EEA807B00DB890F /* Info.plist */,
			);
			path = abc;
			sourceTree = "<group>";
		};
		F9CD09381EEA807B00DB890F /* abcTests */ = {
			isa = PBXGroup;
			children = (
				F9CD09391EEA807B00DB890F /* abcTests.swift */,
				F9CD093B1EEA807B00DB890F /* Info.plist */,
			);
			path = abcTests;
			sourceTree = "<group>";
		};
		F9CD09431EEA807B00DB890F /* abcUITests */ = {
			isa = PBXGroup;
			children = (
				F9CD09441EEA807B00DB890F /* abcUITests.swift */,
				F9CD09461EEA807B00DB890F /* Info.plist */,
			);
			path = abcUITests;
			sourceTree = "<group>";
		};
/* End PBXGroup section */

/* Begin PBXNativeTarget section */
		F9CD09201EEA807B00DB890F /* abc */ = {
			isa = PBXNativeTarget;
			buildConfigurationList = F9CD09491EEA807B00DB890F /* Build configuration list for PBXNativeTarget "abc" */;
			buildPhases = (
				F9CD091D1EEA807B00DB890F /* Sources */,
				F9CD091E1EEA807B00DB890F /* Frameworks */,
				F9CD091F1EEA807B00DB890F /* Resources */,
			);
			buildRules = (
			);
			dependencies = (
			);
			name = abc;
			productName = abc;
			productReference = F9CD09211EEA807B00DB890F /* abc.app */;
			productType = "com.apple.product-type.application";
		};
		F9CD09341EEA807B00DB890F /* abcTests */ = {
			isa = PBXNativeTarget;
			buildConfigurationList = F9CD094C1EEA807B00DB890F /* Build configuration list for PBXNativeTarget "abcTests" */;
			buildPhases = (
				F9CD09311EEA807B00DB890F /* Sources */,
				F9CD09321EEA807B00DB890F /* Frameworks */,
				F9CD09331EEA807B00DB890F /* Resources */,
			);
			buildRules = (
			);
			dependencies = (
				F9CD09371EEA807B00DB890F /* PBXTargetDependency */,
			);
			name = abcTests;
			productName = abcTests;
			productReference = F9CD09351EEA807B00DB890F /* abcTests.xctest */;
			productType = "com.apple.product-type.bundle.unit-test";
		};
		F9CD093F1EEA807B00DB890F /* abcUITests */ = {
			isa = PBXNativeTarget;
			buildConfigurationList = F9CD094F1EEA807B00DB890F /* Build configuration list for PBXNativeTarget "abcUITests" */;
			buildPhases = (
				F9CD093C1EEA807B00DB890F /* Sources */,
				F9CD093D1EEA807B00DB890F /* Frameworks */,
				F9CD093E1EEA807B00DB890F /* Resources */,
			);
			buildRules = (
			);
			dependencies = (
				F9CD09421EEA807B00DB890F /* PBXTargetDependency */,
			);
			name = abcUITests;
			productName = abcUITests;
			productReference = F9CD09401EEA807B00DB890F /* abcUITests.xctest */;
			productType = "com.apple.product-type.bundle.ui-testing";
		};
/* End PBXNativeTarget section */

/* Begin PBXProject section */
		F9CD09191EEA807B00DB890F /* Project object */ = {
			isa = PBXProject;
			attributes = {
				LastSwiftUpdateCheck = 0830;
				LastUpgradeCheck = 0830;
				ORGANIZATIONNAME = "Advaya Gupta";
				TargetAttributes = {
					F9CD09201EEA807B00DB890F = {
						CreatedOnToolsVersion = 8.3.2;
						DevelopmentTeam = QJWU4SK9WT;
						ProvisioningStyle = Automatic;
					};
					F9CD09341EEA807B00DB890F = {
						CreatedOnToolsVersion = 8.3.2;
						DevelopmentTeam = QJWU4SK9WT;
						ProvisioningStyle = Automatic;
						TestTargetID = F9CD09201EEA807B00DB890F;
					};
					F9CD093F1EEA807B00DB890F = {
						CreatedOnToolsVersion = 8.3.2;
						DevelopmentTeam = QJWU4SK9WT;
						ProvisioningStyle = Automatic;
						TestTargetID = F9CD09201EEA807B00DB890F;
					};
				};
			};
			buildConfigurationList = F9CD091C1EEA807B00DB890F /* Build configuration list for PBXProject "abc" */;
			compatibilityVersion = "Xcode 3.2";
			developmentRegion = English;
			hasScannedForEncodings = 0;
			knownRegions = (
				en,
				Base,
			);
			mainGroup = F9CD09181EEA807B00DB890F;
			productRefGroup = F9CD09221EEA807B00DB890F /* Products */;
			projectDirPath = "";
			projectRoot = "";
			targets = (
				F9CD09201EEA807B00DB890F /* abc */,
				F9CD09341EEA807B00DB890F /* abcTests */,
				F9CD093F1EEA807B00DB890F /* abcUITests */,
			);
		};
/* End PBXProject section */

/* Begin PBXResourcesBuildPhase section */
		F9CD091F1EEA807B00DB890F /* Resources */ = {
			isa = PBXResourcesBuildPhase;
			buildActionMask = 2147483647;
			files = (
				F9CD092F1EEA807B00DB890F /* LaunchScreen.storyboard in Resources */,
				F9CD092C1EEA807B00DB890F /* Assets.xcassets in Resources */,
				F9CD092A1EEA807B00DB890F /* Main.storyboard in Resources */,
			);
			runOnlyForDeploymentPostprocessing = 0;
		};
		F9CD09331EEA807B00DB890F /* Resources */ = {
			isa = PBXResourcesBuildPhase;
			buildActionMask = 2147483647;
			files = (
			);
			runOnlyForDeploymentPostprocessing = 0;
		};
		F9CD093E1EEA807B00DB890F /* Resources */ = {
			isa = PBXResourcesBuildPhase;
			buildActionMask = 2147483647;
			files = (
			);
			runOnlyForDeploymentPostprocessing = 0;
		};
/* End PBXResourcesBuildPhase section */

/* Begin PBXSourcesBuildPhase section */
		F9CD091D1EEA807B00DB890F /* Sources */ = {
			isa = PBXSourcesBuildPhase;
			buildActionMask = 2147483647;
			files = (
				F9CD09271EEA807B00DB890F /* ViewController.swift in Sources */,
				F9CD09251EEA807B00DB890F /* AppDelegate.swift in Sources */,
			);
			runOnlyForDeploymentPostprocessing = 0;
		};
		F9CD09311EEA807B00DB890F /* Sources */ = {
			isa = PBXSourcesBuildPhase;
			buildActionMask = 2147483647;
			files = (
				F9CD093A1EEA807B00DB890F /* abcTests.swift in Sources */,
			);
			runOnlyForDeploymentPostprocessing = 0;
		};
		F9CD093C1EEA807B00DB890F /* Sources */ = {
			isa = PBXSourcesBuildPhase;
			buildActionMask = 2147483647;
			files = (
				F9CD09451EEA807B00DB890F /* abcUITests.swift in Sources */,
			);
			runOnlyForDeploymentPostprocessing = 0;
		};
/* End PBXSourcesBuildPhase section */

/* Begin PBXTargetDependency section */
		F9CD09371EEA807B00DB890F /* PBXTargetDependency */ = {
			isa = PBXTargetDependency;
			target = F9CD09201EEA807B00DB890F /* abc */;
			targetProxy = F9CD09361EEA807B00DB890F /* PBXContainerItemProxy */;
		};
		F9CD09421EEA807B00DB890F /* PBXTargetDependency */ = {
			isa = PBXTargetDependency;
			target = F9CD09201EEA807B00DB890F /* abc */;
			targetProxy = F9CD09411EEA807B00DB890F /* PBXContainerItemProxy */;
		};
/* End PBXTargetDependency section */

/* Begin PBXVariantGroup section */
		F9CD09281EEA807B00DB890F /* Main.storyboard */ = {
			isa = PBXVariantGroup;
			children = (
				F9CD09291EEA807B00DB890F /* Base */,
			);
			name = Main.storyboard;
			sourceTree = "<group>";
		};
		F9CD092D1EEA807B00DB890F /* LaunchScreen.storyboard */ = {
			isa = PBXVariantGroup;
			children = (
				F9CD092E1EEA807B00DB890F /* Base */,
			);
			name = LaunchScreen.storyboard;
			sourceTree = "<group>";
		};
/* End PBXVariantGroup section */

/* Begin XCBuildConfiguration section */
		F9CD09471EEA807B00DB890F /* Debug */ = {
			isa = XCBuildConfiguration;
			buildSettings = {
				ALWAYS_SEARCH_USER_PATHS = NO;
				CLANG_ANALYZER_NONNULL = YES;
				CLANG_ANALYZER_NUMBER_OBJECT_CONVERSION = YES_AGGRESSIVE;
				CLANG_CXX_LANGUAGE_STANDARD = "gnu++0x";
				CLANG_CXX_LIBRARY = "libc++";
				CLANG_ENABLE_MODULES = YES;
				CLANG_ENABLE_OBJC_ARC = YES;
				CLANG_WARN_BOOL_CONVERSION = YES;
				CLANG_WARN_CONSTANT_CONVERSION = YES;
				CLANG_WARN_DIRECT_OBJC_ISA_USAGE = YES_ERROR;
				CLANG_WARN_DOCUMENTATION_COMMENTS = YES;
				CLANG_WARN_EMPTY_BODY = YES;
				CLANG_WARN_ENUM_CONVERSION = YES;
				CLANG_WARN_INFINITE_RECURSION = YES;
				CLANG_WARN_INT_CONVERSION = YES;
				CLANG_WARN_OBJC_ROOT_CLASS = YES_ERROR;
				CLANG_WARN_SUSPICIOUS_MOVE = YES;
				CLANG_WARN_UNREACHABLE_CODE = YES;
				CLANG_WARN__DUPLICATE_METHOD_MATCH = YES;
				"CODE_SIGN_IDENTITY[sdk=iphoneos*]" = "iPhone Developer";
				COPY_PHASE_STRIP = NO;
				DEBUG_INFORMATION_FORMAT = dwarf;
				ENABLE_STRICT_OBJC_MSGSEND = YES;
				ENABLE_TESTABILITY = YES;
				GCC_C_LANGUAGE_STANDARD = gnu99;
				GCC_DYNAMIC_NO_PIC = NO;
				GCC_NO_COMMON_BLOCKS = YES;
				GCC_OPTIMIZATION_LEVEL = 0;
				GCC_PREPROCESSOR_DEFINITIONS = (
					"DEBUG=1",
					"$(inherited)",
				);
				GCC_WARN_64_TO_32_BIT_CONVERSION = YES;
				GCC_WARN_ABOUT_RETURN_TYPE = YES_ERROR;
				GCC_WARN_UNDECLARED_SELECTOR = YES;
				GCC_WARN_UNINITIALIZED_AUTOS = YES_AGGRESSIVE;
				GCC_WARN_UNUSED_FUNCTION = YES;
				GCC_WARN_UNUSED_VARIABLE = YES;
				IPHONEOS_DEPLOYMENT_TARGET = 10.3;
				MTL_ENABLE_DEBUG_INFO = YES;
				ONLY_ACTIVE_ARCH = YES;
				SDKROOT = iphoneos;
				SWIFT_ACTIVE_COMPILATION_CONDITIONS = DEBUG;
				SWIFT_OPTIMIZATION_LEVEL = "-Onone";
				TARGETED_DEVICE_FAMILY = "1,2";
			};
			name = Debug;
		};
		F9CD09481EEA807B00DB890F /* Release */ = {
			isa = XCBuildConfiguration;
			buildSettings = {
				ALWAYS_SEARCH_USER_PATHS = NO;
				CLANG_ANALYZER_NONNULL = YES;
				CLANG_ANALYZER_NUMBER_OBJECT_CONVERSION = YES_AGGRESSIVE;
				CLANG_CXX_LANGUAGE_STANDARD = "gnu++0x";
				CLANG_CXX_LIBRARY = "libc++";
				CLANG_ENABLE_MODULES = YES;
				CLANG_ENABLE_OBJC_ARC = YES;
				CLANG_WARN_BOOL_CONVERSION = YES;
				CLANG_WARN_CONSTANT_CONVERSION = YES;
				CLANG_WARN_DIRECT_OBJC_ISA_USAGE = YES_ERROR;
				CLANG_WARN_DOCUMENTATION_COMMENTS = YES;
				CLANG_WARN_EMPTY_BODY = YES;
				CLANG_WARN_ENUM_CONVERSION = YES;
				CLANG_WARN_INFINITE_RECURSION = YES;
				CLANG_WARN_INT_CONVERSION = YES;
				CLANG_WARN_OBJC_ROOT_CLASS = YES_ERROR;
				CLANG_WARN_SUSPICIOUS_MOVE = YES;
				CLANG_WARN_UNREACHABLE_CODE = YES;
				CLANG_WARN__DUPLICATE_METHOD_MATCH = YES;
				"CODE_SIGN_IDENTITY[sdk=iphoneos*]" = "iPhone Developer";
				COPY_PHASE_STRIP = NO;
				DEBUG_INFORMATION_FORMAT = "dwarf-with-dsym";
				ENABLE_NS_ASSERTIONS = NO;
				ENABLE_STRICT_OBJC_MSGSEND = YES;
				GCC_C_LANGUAGE_STANDARD = gnu99;
				GCC_NO_COMMON_BLOCKS = YES;
				GCC_WARN_64_TO_32_BIT_CONVERSION = YES;
				GCC_WARN_ABOUT_RETURN_TYPE = YES_ERROR;
				GCC_WARN_UNDECLARED_SELECTOR = YES;
				GCC_WARN_UNINITIALIZED_AUTOS = YES_AGGRESSIVE;
				GCC_WARN_UNUSED_FUNCTION = YES;
				GCC_WARN_UNUSED_VARIABLE = YES;
				IPHONEOS_DEPLOYMENT_TARGET = 10.3;
				MTL_ENABLE_DEBUG_INFO = NO;
				SDKROOT = iphoneos;
				SWIFT_OPTIMIZATION_LEVEL = "-Owholemodule";
				TARGETED_DEVICE_FAMILY = "1,2";
				VALIDATE_PRODUCT = YES;
			};
			name = Release;
		};
		F9CD094A1EEA807B00DB890F /* Debug */ = {
			isa = XCBuildConfiguration;
			buildSettings = {
				ASSETCATALOG_COMPILER_APPICON_NAME = AppIcon;
				DEVELOPMENT_TEAM = QJWU4SK9WT;
				INFOPLIST_FILE = abc/Info.plist;
				LD_RUNPATH_SEARCH_PATHS = "$(inherited) @executable_path/Frameworks";
				PRODUCT_BUNDLE_IDENTIFIER = com.example.abc;
				PRODUCT_NAME = "$(TARGET_NAME)";
				SWIFT_VERSION = 3.0;
			};
			name = Debug;
		};
		F9CD094B1EEA807B00DB890F /* Release */ = {
			isa = XCBuildConfiguration;
			buildSettings = {
				ASSETCATALOG_COMPILER_APPICON_NAME = AppIcon;
				DEVELOPMENT_TEAM = QJWU4SK9WT;
				INFOPLIST_FILE = abc/Info.plist;
				LD_RUNPATH_SEARCH_PATHS = "$(inherited) @executable_path/Frameworks";
				PRODUCT_BUNDLE_IDENTIFIER = com.example.abc;
				PRODUCT_NAME = "$(TARGET_NAME)";
				SWIFT_VERSION = 3.0;
			};
			name = Release;
		};
		F9CD094D1EEA807B00DB890F /* Debug */ = {
			isa = XCBuildConfiguration;
			buildSettings = {
				ALWAYS_EMBED_SWIFT_STANDARD_LIBRARIES = YES;
				BUNDLE_LOADER = "$(TEST_HOST)";
				DEVELOPMENT_TEAM = QJWU4SK9WT;
				INFOPLIST_FILE = abcTests/Info.plist;
				LD_RUNPATH_SEARCH_PATHS = "$(inherited) @executable_path/Frameworks @loader_path/Frameworks";
				PRODUCT_BUNDLE_IDENTIFIER = com.example.abcTests;
				PRODUCT_NAME = "$(TARGET_NAME)";
				SWIFT_VERSION = 3.0;
				TEST_HOST = "$(BUILT_PRODUCTS_DIR)/abc.app/abc";
			};
			name = Debug;
		};
		F9CD094E1EEA807B00DB890F /* Release */ = {
			isa = XCBuildConfiguration;
			buildSettings = {
				ALWAYS_EMBED_SWIFT_STANDARD_LIBRARIES = YES;
				BUNDLE_LOADER = "$(TEST_HOST)";
				DEVELOPMENT_TEAM = QJWU4SK9WT;
				INFOPLIST_FILE = abcTests/Info.plist;
				LD_RUNPATH_SEARCH_PATHS = "$(inherited) @executable_path/Frameworks @loader_path/Frameworks";
				PRODUCT_BUNDLE_IDENTIFIER = com.example.abcTests;
				PRODUCT_NAME = "$(TARGET_NAME)";
				SWIFT_VERSION = 3.0;
				TEST_HOST = "$(BUILT_PRODUCTS_DIR)/abc.app/abc";
			};
			name = Release;
		};
		F9CD09501EEA807B00DB890F /* Debug */ = {
			isa = XCBuildConfiguration;
			buildSettings = {
				ALWAYS_EMBED_SWIFT_STANDARD_LIBRARIES = YES;
				DEVELOPMENT_TEAM = QJWU4SK9WT;
				INFOPLIST_FILE = abcUITests/Info.plist;
				LD_RUNPATH_SEARCH_PATHS = "$(inherited) @executable_path/Frameworks @loader_path/Frameworks";
				PRODUCT_BUNDLE_IDENTIFIER = com.example.abcUITests;
				PRODUCT_NAME = "$(TARGET_NAME)";
				SWIFT_VERSION = 3.0;
				TEST_TARGET_NAME = abc;
			};
			name = Debug;
		};
		F9CD09511EEA807B00DB890F /* Release */ = {
			isa = XCBuildConfiguration;
			buildSettings = {
				ALWAYS_EMBED_SWIFT_STANDARD_LIBRARIES = YES;
				DEVELOPMENT_TEAM = QJWU4SK9WT;
				INFOPLIST_FILE = abcUITests/Info.plist;
				LD_RUNPATH_SEARCH_PATHS = "$(inherited) @executable_path/Frameworks @loader_path/Frameworks";
				PRODUCT_BUNDLE_IDENTIFIER = com.example.abcUITests;
				PRODUCT_NAME = "$(TARGET_NAME)";
				SWIFT_VERSION = 3.0;
				TEST_TARGET_NAME = abc;
			};
			name = Release;
		};
/* End XCBuildConfiguration section */

/* Begin XCConfigurationList section */
		F9CD091C1EEA807B00DB890F /* Build configuration list for PBXProject "abc" */ = {
			isa = XCConfigurationList;
			buildConfigurations = (
				F9CD09471EEA807B00DB890F /* Debug */,
				F9CD09481EEA807B00DB890F /* Release */,
			);
			defaultConfigurationIsVisible = 0;
			defaultConfigurationName = Release;
		};
		F9CD09491EEA807B00DB890F /* Build configuration list for PBXNativeTarget "abc" */ = {
			isa = XCConfigurationList;
			buildConfigurations = (
				F9CD094A1EEA807B00DB890F /* Debug */,
				F9CD094B1EEA807B00DB890F /* Release */,
			);
			defaultConfigurationIsVisible = 0;
		};
		F9CD094C1EEA807B00DB890F /* Build configuration list for PBXNativeTarget "abcTests" */ = {
			isa = XCConfigurationList;
			buildConfigurations = (
				F9CD094D1EEA807B00DB890F /* Debug */,
				F9CD094E1EEA807B00DB890F /* Release */,
			);
			defaultConfigurationIsVisible = 0;
		};
		F9CD094F1EEA807B00DB890F /* Build configuration list for PBXNativeTarget "abcUITests" */ = {
			isa = XCConfigurationList;
			buildConfigurations = (
				F9CD09501EEA807B00DB890F /* Debug */,
				F9CD09511EEA807B00DB890F /* Release */,
			);
			defaultConfigurationIsVisible = 0;
		};
/* End XCConfigurationList section */
	};
	rootObject = F9CD09191EEA807B00DB890F /* Project object */;
}
